# This file is generated by running "yarn install" inside your project.
# Manual changes might be lost - proceed with caution!

__metadata:
  version: 5
  cacheKey: 8

"@apidevtools/json-schema-ref-parser@npm:^9.0.6":
  version: 9.0.9
  resolution: "@apidevtools/json-schema-ref-parser@npm:9.0.9"
  dependencies:
    "@jsdevtools/ono": ^7.1.3
    "@types/json-schema": ^7.0.6
    call-me-maybe: ^1.0.1
    js-yaml: ^4.1.0
  checksum: b21f6bdd37d2942c3967ee77569bc74fadd1b922f688daf5ef85057789a2c3a7f4afc473aa2f3a93ec950dabb6ef365f8bd9cf51e4e062a1ee1e59b989f8f9b4
  languageName: node
  linkType: hard

"@apidevtools/openapi-schemas@npm:^2.0.4":
  version: 2.1.0
  resolution: "@apidevtools/openapi-schemas@npm:2.1.0"
  checksum: 4a8f64935b9049ef21e41fa4b188f39f6bc3f5291cebd451701db1115451ccb246a739e46cc5ce9ecdec781671431db40db7851acdac84a990a45756e0f32de3
  languageName: node
  linkType: hard

"@apidevtools/swagger-methods@npm:^3.0.2":
  version: 3.0.2
  resolution: "@apidevtools/swagger-methods@npm:3.0.2"
  checksum: d06b1ac5c1956613c4c6be695612ef860cd4e962b93a509ca551735a328a856cae1e33399cac1dcbf8333ba22b231746f3586074769ef0e172cf549ec9e7eaae
  languageName: node
  linkType: hard

"@apidevtools/swagger-parser@npm:^10.0.1, @apidevtools/swagger-parser@npm:^10.0.2":
  version: 10.0.3
  resolution: "@apidevtools/swagger-parser@npm:10.0.3"
  dependencies:
    "@apidevtools/json-schema-ref-parser": ^9.0.6
    "@apidevtools/openapi-schemas": ^2.0.4
    "@apidevtools/swagger-methods": ^3.0.2
    "@jsdevtools/ono": ^7.1.3
    call-me-maybe: ^1.0.1
    z-schema: ^5.0.1
  peerDependencies:
    openapi-types: ">=7"
  checksum: 580a86d4c2a667e825dae80d2ed115c282e6210e3cb0ffc39b3bf5fc5b4fcb576cce3fc3d0519b6c4de8fa617ab0dbee1adeac134d0c1364e0a0f7d394b28796
  languageName: node
  linkType: hard

"@babel/runtime@npm:^7.9.2":
  version: 7.17.7
  resolution: "@babel/runtime@npm:7.17.7"
  dependencies:
    regenerator-runtime: ^0.13.4
  checksum: d9ec9e2c5ebbf503ac865ebd70d0216443d0fa8380bab572aa44ccf8fafde8b8b9846badfdbba3572f79075c9a196845aa3f42a435fd34ec832acd2bc1467d37
  languageName: node
  linkType: hard

"@cspotcode/source-map-consumer@npm:0.8.0":
  version: 0.8.0
  resolution: "@cspotcode/source-map-consumer@npm:0.8.0"
  checksum: c0c16ca3d2f58898f1bd74c4f41a189dbcc202e642e60e489cbcc2e52419c4e89bdead02c886a12fb13ea37798ede9e562b2321df997ebc210ae9bd881561b4e
  languageName: node
  linkType: hard

"@cspotcode/source-map-support@npm:0.7.0":
  version: 0.7.0
  resolution: "@cspotcode/source-map-support@npm:0.7.0"
  dependencies:
    "@cspotcode/source-map-consumer": 0.8.0
  checksum: 9faddda7757cd778b5fd6812137b2cc265810043680d6399acc20441668fafcdc874053be9dccd0d9110087287bfad27eb3bf342f72bceca9aa9059f5d0c4be8
  languageName: node
  linkType: hard

"@exodus/schemasafe@npm:^1.0.0-rc.2":
  version: 1.0.0-rc.6
  resolution: "@exodus/schemasafe@npm:1.0.0-rc.6"
  checksum: 494324093632adcaff9495ebda8d373045da8db845219f1b3c606b755332329c01876f32e57980f9521f50cdc2ad5464e6f0aa8bee9904007d6fb67681b20890
  languageName: node
  linkType: hard

"@jsdevtools/ono@npm:^7.1.3":
  version: 7.1.3
  resolution: "@jsdevtools/ono@npm:7.1.3"
  checksum: 2297fcd472ba810bffe8519d2249171132844c7174f3a16634f9260761c8c78bc0428a4190b5b6d72d45673c13918ab9844d706c3ed4ef8f62ab11a2627a08ad
  languageName: node
  linkType: hard

"@reduxjs/toolkit@npm:^1.8.0":
  version: 1.8.0
  resolution: "@reduxjs/toolkit@npm:1.8.0"
  dependencies:
    immer: ^9.0.7
    redux: ^4.1.2
    redux-thunk: ^2.4.1
    reselect: ^4.1.5
  peerDependencies:
    react: ^16.9.0 || ^17.0.0 || 18.0.0-beta
    react-redux: ^7.2.1 || ^8.0.0-beta
  peerDependenciesMeta:
    react:
      optional: true
    react-redux:
      optional: true
  checksum: e229571b80d7f5c4407af2050ac2a26a22472541fef1705d5e8b73b93bfb2884072d79e1cea2cd81d89939cc6b6073ef3ddf1680950aac66ba34cd202a6cf371
  languageName: node
  linkType: hard

"@rtk-query/codegen-openapi@npm:^1.0.0-alpha.1":
  version: 1.0.0-alpha.1
  resolution: "@rtk-query/codegen-openapi@npm:1.0.0-alpha.1"
  dependencies:
    "@apidevtools/swagger-parser": ^10.0.2
    commander: ^6.2.0
    oazapfts: ^3.5.0
    prettier: ^2.2.1
    semver: ^7.3.5
    swagger2openapi: ^7.0.4
    typescript: ">=4.1 <=4.5"
  bin:
    rtk-query-codegen-openapi: lib/bin/cli.js
  checksum: 6e8d38435a25146bf86a5c452d113867cf2f0ffddffe375a3b4142254dfc9756c789de08e1f30e78f894a846ed5cb36cde76bd22fea0f12fd21da351afe5f1e1
  languageName: node
  linkType: hard

"@suin/tsconfig@npm:^0.0.0":
  version: 0.0.0
  resolution: "@suin/tsconfig@npm:0.0.0"
  checksum: 71077b7d4f158d6c4a89c2b1bae3be130b6f4b7294ccea12011092984aca477bd778d01e35ef5dbe2cb6f35a81c408e827c6a452fcbc125bf613c56e641e2d20
  languageName: node
  linkType: hard

"@tsconfig/node10@npm:^1.0.7":
  version: 1.0.8
  resolution: "@tsconfig/node10@npm:1.0.8"
  checksum: b8d5fffbc6b17ef64ef74f7fdbccee02a809a063ade785c3648dae59406bc207f70ea2c4296f92749b33019fa36a5ae716e42e49cc7f1bbf0fd147be0d6b970a
  languageName: node
  linkType: hard

"@tsconfig/node12@npm:^1.0.7":
  version: 1.0.9
  resolution: "@tsconfig/node12@npm:1.0.9"
  checksum: a01b2400ab3582b86b589c6d31dcd0c0656f333adecde85d6d7d4086adb059808b82692380bb169546d189bf771ae21d02544a75b57bd6da4a5dd95f8567bec9
  languageName: node
  linkType: hard

"@tsconfig/node14@npm:^1.0.0":
  version: 1.0.1
  resolution: "@tsconfig/node14@npm:1.0.1"
  checksum: 976345e896c0f059867f94f8d0f6ddb8b1844fb62bf36b727de8a9a68f024857e5db97ed51d3325e23e0616a5e48c034ff51a8d595b3fe7e955f3587540489be
  languageName: node
  linkType: hard

"@tsconfig/node16@npm:^1.0.2":
  version: 1.0.2
  resolution: "@tsconfig/node16@npm:1.0.2"
  checksum: ca94d3639714672bbfd55f03521d3f56bb6a25479bd425da81faf21f13e1e9d15f40f97377dedbbf477a5841c5b0c8f4cd1b391f33553d750b9202c54c2c07aa
  languageName: node
  linkType: hard

"@types/hoist-non-react-statics@npm:^3.3.0":
  version: 3.3.1
  resolution: "@types/hoist-non-react-statics@npm:3.3.1"
  dependencies:
    "@types/react": "*"
    hoist-non-react-statics: ^3.3.0
  checksum: 2c0778570d9a01d05afabc781b32163f28409bb98f7245c38d5eaf082416fdb73034003f5825eb5e21313044e8d2d9e1f3fe2831e345d3d1b1d20bcd12270719
  languageName: node
  linkType: hard

"@types/json-schema@npm:^7.0.6":
  version: 7.0.10
  resolution: "@types/json-schema@npm:7.0.10"
  checksum: 369f12207298e3c8931100ab86c9c60d9217ab930a8ae0b851495f4f30695d3f0eb431eedc8e8d9c69357869899ea0fe6f9d65ddde5ea70415d67ef340dfdd1f
  languageName: node
  linkType: hard

"@types/node@npm:^17.0.21":
  version: 17.0.21
  resolution: "@types/node@npm:17.0.21"
  checksum: 89dcd2fe82f21d3634266f8384e9c865cf8af49685639fbdbd799bdd1040480fb1e8eeda2d3b9fce41edbe704d2a4be9f427118c4ae872e8d9bb7cbeb3c41a94
  languageName: node
  linkType: hard

"@types/prop-types@npm:*":
  version: 15.7.4
  resolution: "@types/prop-types@npm:15.7.4"
  checksum: ef6e1899e59b876c273811b1bd845022fc66d5a3d11cb38a25b6c566b30514ae38fe20a40f67622f362a4f4f7f9224e22d8da101cff3d6e97e11d7b4c307cfc1
  languageName: node
  linkType: hard

"@types/react-redux@npm:^7.1.23":
  version: 7.1.23
  resolution: "@types/react-redux@npm:7.1.23"
  dependencies:
    "@types/hoist-non-react-statics": ^3.3.0
    "@types/react": "*"
    hoist-non-react-statics: ^3.3.0
    redux: ^4.0.0
  checksum: 7cedb0f20806ce67255f676fab2d4d9534c12705d43636df95224cfa77fdf5a2e792dc76c6e072c02cad1c88030aea822c14f36fe85d459b898ee68fcff6f05c
  languageName: node
  linkType: hard

"@types/react@npm:*, @types/react@npm:^17.0.40":
  version: 17.0.40
  resolution: "@types/react@npm:17.0.40"
  dependencies:
    "@types/prop-types": "*"
    "@types/scheduler": "*"
    csstype: ^3.0.2
  checksum: 24d1b210b5bf3c7d49f9a7fe5490db02e005a1d989045a2d67528347557dd0bcb0d7bcf96088152697e97521ac4c9506d1357ee48a2b7d4e701c70d838dc7284
  languageName: node
  linkType: hard

"@types/scheduler@npm:*":
  version: 0.16.2
  resolution: "@types/scheduler@npm:0.16.2"
  checksum: b6b4dcfeae6deba2e06a70941860fb1435730576d3689225a421280b7742318d1548b3d22c1f66ab68e414f346a9542f29240bc955b6332c5b11e561077583bc
  languageName: node
  linkType: hard

"acorn-walk@npm:^8.1.1":
  version: 8.2.0
  resolution: "acorn-walk@npm:8.2.0"
  checksum: 1715e76c01dd7b2d4ca472f9c58968516a4899378a63ad5b6c2d668bba8da21a71976c14ec5f5b75f887b6317c4ae0b897ab141c831d741dc76024d8745f1ad1
  languageName: node
  linkType: hard

"acorn@npm:^8.4.1":
  version: 8.7.0
  resolution: "acorn@npm:8.7.0"
  bin:
    acorn: bin/acorn
  checksum: e0f79409d68923fbf1aa6d4166f3eedc47955320d25c89a20cc822e6ba7c48c5963d5bc657bc242d68f7a4ac9faf96eef033e8f73656da6c640d4219935fdfd0
  languageName: node
  linkType: hard

"ansi-regex@npm:^5.0.1":
  version: 5.0.1
  resolution: "ansi-regex@npm:5.0.1"
  checksum: 2aa4bb54caf2d622f1afdad09441695af2a83aa3fe8b8afa581d205e57ed4261c183c4d3877cee25794443fde5876417d859c108078ab788d6af7e4fe52eb66b
  languageName: node
  linkType: hard

"ansi-styles@npm:^4.0.0":
  version: 4.3.0
  resolution: "ansi-styles@npm:4.3.0"
  dependencies:
    color-convert: ^2.0.1
  checksum: 513b44c3b2105dd14cc42a19271e80f386466c4be574bccf60b627432f9198571ebf4ab1e4c3ba17347658f4ee1711c163d574248c0c1cdc2d5917a0ad582ec4
  languageName: node
  linkType: hard

"arg@npm:^4.1.0":
  version: 4.1.3
  resolution: "arg@npm:4.1.3"
  checksum: 544af8dd3f60546d3e4aff084d451b96961d2267d668670199692f8d054f0415d86fc5497d0e641e91546f0aa920e7c29e5250e99fc89f5552a34b5d93b77f43
  languageName: node
  linkType: hard

"argparse@npm:^2.0.1":
  version: 2.0.1
  resolution: "argparse@npm:2.0.1"
  checksum: 83644b56493e89a254bae05702abf3a1101b4fa4d0ca31df1c9985275a5a5bd47b3c27b7fa0b71098d41114d8ca000e6ed90cad764b306f8a503665e4d517ced
  languageName: node
  linkType: hard

"buffer-from@npm:^1.0.0":
  version: 1.1.2
  resolution: "buffer-from@npm:1.1.2"
  checksum: 0448524a562b37d4d7ed9efd91685a5b77a50672c556ea254ac9a6d30e3403a517d8981f10e565db24e8339413b43c97ca2951f10e399c6125a0d8911f5679bb
  languageName: node
  linkType: hard

"call-me-maybe@npm:^1.0.1":
  version: 1.0.1
  resolution: "call-me-maybe@npm:1.0.1"
  checksum: d19e9d6ac2c6a83fb1215718b64c5e233f688ebebb603bdfe4af59cde952df1f2b648530fab555bf290ea910d69d7d9665ebc916e871e0e194f47c2e48e4886b
  languageName: node
  linkType: hard

"cliui@npm:^7.0.2":
  version: 7.0.4
  resolution: "cliui@npm:7.0.4"
  dependencies:
    string-width: ^4.2.0
    strip-ansi: ^6.0.0
    wrap-ansi: ^7.0.0
  checksum: ce2e8f578a4813806788ac399b9e866297740eecd4ad1823c27fd344d78b22c5f8597d548adbcc46f0573e43e21e751f39446c5a5e804a12aace402b7a315d7f
  languageName: node
  linkType: hard

"color-convert@npm:^2.0.1":
  version: 2.0.1
  resolution: "color-convert@npm:2.0.1"
  dependencies:
    color-name: ~1.1.4
  checksum: 79e6bdb9fd479a205c71d89574fccfb22bd9053bd98c6c4d870d65c132e5e904e6034978e55b43d69fcaa7433af2016ee203ce76eeba9cfa554b373e7f7db336
  languageName: node
  linkType: hard

"color-name@npm:~1.1.4":
  version: 1.1.4
  resolution: "color-name@npm:1.1.4"
  checksum: b0445859521eb4021cd0fb0cc1a75cecf67fceecae89b63f62b201cca8d345baf8b952c966862a9d9a2632987d4f6581f0ec8d957dfacece86f0a7919316f610
  languageName: node
  linkType: hard

"commander@npm:^2.7.1":
  version: 2.20.3
  resolution: "commander@npm:2.20.3"
  checksum: ab8c07884e42c3a8dbc5dd9592c606176c7eb5c1ca5ff274bcf907039b2c41de3626f684ea75ccf4d361ba004bbaff1f577d5384c155f3871e456bdf27becf9e
  languageName: node
  linkType: hard

"commander@npm:^6.2.0":
  version: 6.2.1
  resolution: "commander@npm:6.2.1"
  checksum: d7090410c0de6bc5c67d3ca41c41760d6d268f3c799e530aafb73b7437d1826bbf0d2a3edac33f8b57cc9887b4a986dce307fa5557e109be40eadb7c43b21742
  languageName: node
  linkType: hard

"create-require@npm:^1.1.0":
  version: 1.1.1
  resolution: "create-require@npm:1.1.1"
  checksum: a9a1503d4390d8b59ad86f4607de7870b39cad43d929813599a23714831e81c520bddf61bcdd1f8e30f05fd3a2b71ae8538e946eb2786dc65c2bbc520f692eff
  languageName: node
  linkType: hard

"csstype@npm:^3.0.2":
  version: 3.0.11
  resolution: "csstype@npm:3.0.11"
  checksum: 95e56abfe9ca219ae065acb4e43f61771a03170eed919127f558dfa168240867aba7629c8d98a201a0dd06d9a5ce82686f0570031c928516c61816adbc7c877f
  languageName: node
  linkType: hard

"diff@npm:^4.0.1":
  version: 4.0.2
  resolution: "diff@npm:4.0.2"
  checksum: f2c09b0ce4e6b301c221addd83bf3f454c0bc00caa3dd837cf6c127d6edf7223aa2bbe3b688feea110b7f262adbfc845b757c44c8a9f8c0c5b15d8fa9ce9d20d
  languageName: node
  linkType: hard

"emoji-regex@npm:^8.0.0":
  version: 8.0.0
  resolution: "emoji-regex@npm:8.0.0"
  checksum: d4c5c39d5a9868b5fa152f00cada8a936868fd3367f33f71be515ecee4c803132d11b31a6222b2571b1e5f7e13890156a94880345594d0ce7e3c9895f560f192
  languageName: node
  linkType: hard

"es6-promise@npm:^3.2.1":
  version: 3.3.1
  resolution: "es6-promise@npm:3.3.1"
  checksum: ce4044009c2b78db18b15212338eb711cd8a4d485961bc9ec18bb24e8c1e91c96d3295b0fcf63066fc0fa1b0ade36da05e6657827d4336dece382be2429b8398
  languageName: node
  linkType: hard

"esbuild-runner@npm:^2.2.1":
  version: 2.2.1
  resolution: "esbuild-runner@npm:2.2.1"
  dependencies:
    source-map-support: 0.5.19
    tslib: 2.3.1
  peerDependencies:
    esbuild: "*"
  bin:
    esr: bin/esr.js
  checksum: 6818c1a0b7773ca6d688ceb8dc33f8077eabf1a3154c86b5e9006321c11a29a5544500f56456e804cdbdefae2281614e2e2b2bf1173316f80e36a2da496d3795
  languageName: node
  linkType: hard

"escalade@npm:^3.1.1":
  version: 3.1.1
  resolution: "escalade@npm:3.1.1"
  checksum: a3e2a99f07acb74b3ad4989c48ca0c3140f69f923e56d0cba0526240ee470b91010f9d39001f2a4a313841d237ede70a729e92125191ba5d21e74b106800b133
  languageName: node
  linkType: hard

"fast-safe-stringify@npm:^2.0.7":
  version: 2.1.1
  resolution: "fast-safe-stringify@npm:2.1.1"
  checksum: a851cbddc451745662f8f00ddb622d6766f9bd97642dabfd9a405fb0d646d69fc0b9a1243cbf67f5f18a39f40f6fa821737651ff1bceeba06c9992ca2dc5bd3d
  languageName: node
  linkType: hard

"finding-best-practice-openapi-and-typescript@workspace:.":
  version: 0.0.0-use.local
  resolution: "finding-best-practice-openapi-and-typescript@workspace:."
  dependencies:
    "@reduxjs/toolkit": ^1.8.0
    "@rtk-query/codegen-openapi": ^1.0.0-alpha.1
    "@suin/tsconfig": ^0.0.0
    "@types/node": ^17.0.21
    "@types/react": ^17.0.40
    "@types/react-redux": ^7.1.23
    esbuild-runner: ^2.2.1
    prettier: ^2.6.0
    ts-node: ^10.7.0
    typescript: ^4.6.2
  languageName: unknown
  linkType: soft

"get-caller-file@npm:^2.0.5":
  version: 2.0.5
  resolution: "get-caller-file@npm:2.0.5"
  checksum: b9769a836d2a98c3ee734a88ba712e62703f1df31b94b784762c433c27a386dd6029ff55c2a920c392e33657d80191edbf18c61487e198844844516f843496b9
  languageName: node
  linkType: hard

"hoist-non-react-statics@npm:^3.3.0":
  version: 3.3.2
  resolution: "hoist-non-react-statics@npm:3.3.2"
  dependencies:
    react-is: ^16.7.0
  checksum: b1538270429b13901ee586aa44f4cc3ecd8831c061d06cb8322e50ea17b3f5ce4d0e2e66394761e6c8e152cd8c34fb3b4b690116c6ce2bd45b18c746516cb9e8
  languageName: node
  linkType: hard

"http2-client@npm:^1.2.5":
  version: 1.3.5
  resolution: "http2-client@npm:1.3.5"
  checksum: 075970adefeb86538fbef810d46586569a689711d4585f4969e0f167344a8e59857eddc0203b428aea83a278070ffd1b3a3192529e93c47a88c71da9295258eb
  languageName: node
  linkType: hard

"immer@npm:^9.0.7":
  version: 9.0.12
  resolution: "immer@npm:9.0.12"
  checksum: bcbec6d76dac65e49068eb67ece4d407116e62b8cde3126aa89c801e408f5047763ba0aeb62f1938c1aa704bb6612f1d8302bb2a86fa1fc60fcc12d8b25dc895
  languageName: node
  linkType: hard

"is-fullwidth-code-point@npm:^3.0.0":
  version: 3.0.0
  resolution: "is-fullwidth-code-point@npm:3.0.0"
  checksum: 44a30c29457c7fb8f00297bce733f0a64cd22eca270f83e58c105e0d015e45c019491a4ab2faef91ab51d4738c670daff901c799f6a700e27f7314029e99e348
  languageName: node
  linkType: hard

"js-yaml@npm:^4.1.0":
  version: 4.1.0
  resolution: "js-yaml@npm:4.1.0"
  dependencies:
    argparse: ^2.0.1
  bin:
    js-yaml: bin/js-yaml.js
  checksum: c7830dfd456c3ef2c6e355cc5a92e6700ceafa1d14bba54497b34a99f0376cecbb3e9ac14d3e5849b426d5a5140709a66237a8c991c675431271c4ce5504151a
  languageName: node
  linkType: hard

"lodash.get@npm:^4.4.2":
  version: 4.4.2
  resolution: "lodash.get@npm:4.4.2"
  checksum: e403047ddb03181c9d0e92df9556570e2b67e0f0a930fcbbbd779370972368f5568e914f913e93f3b08f6d492abc71e14d4e9b7a18916c31fa04bd2306efe545
  languageName: node
  linkType: hard

"lodash.isequal@npm:^4.5.0":
  version: 4.5.0
  resolution: "lodash.isequal@npm:4.5.0"
  checksum: da27515dc5230eb1140ba65ff8de3613649620e8656b19a6270afe4866b7bd461d9ba2ac8a48dcc57f7adac4ee80e1de9f965d89d4d81a0ad52bb3eec2609644
  languageName: node
  linkType: hard

"lodash@npm:^4.17.20":
  version: 4.17.21
  resolution: "lodash@npm:4.17.21"
  checksum: eb835a2e51d381e561e508ce932ea50a8e5a68f4ebdd771ea240d3048244a8d13658acbd502cd4829768c56f2e16bdd4340b9ea141297d472517b83868e677f7
  languageName: node
  linkType: hard

"lru-cache@npm:^6.0.0":
  version: 6.0.0
  resolution: "lru-cache@npm:6.0.0"
  dependencies:
    yallist: ^4.0.0
  checksum: f97f499f898f23e4585742138a22f22526254fdba6d75d41a1c2526b3b6cc5747ef59c5612ba7375f42aca4f8461950e925ba08c991ead0651b4918b7c978297
  languageName: node
  linkType: hard

"make-error@npm:^1.1.1":
  version: 1.3.6
  resolution: "make-error@npm:1.3.6"
  checksum: b86e5e0e25f7f777b77fabd8e2cbf15737972869d852a22b7e73c17623928fccb826d8e46b9951501d3f20e51ad74ba8c59ed584f610526a48f8ccf88aaec402
  languageName: node
  linkType: hard

"minimist@npm:^1.2.5":
  version: 1.2.5
  resolution: "minimist@npm:1.2.5"
  checksum: 86706ce5b36c16bfc35c5fe3dbb01d5acdc9a22f2b6cc810b6680656a1d2c0e44a0159c9a3ba51fb072bb5c203e49e10b51dcd0eec39c481f4c42086719bae52
  languageName: node
  linkType: hard

"node-fetch-h2@npm:^2.3.0":
  version: 2.3.0
  resolution: "node-fetch-h2@npm:2.3.0"
  dependencies:
    http2-client: ^1.2.5
  checksum: c836d6dc019ba399514e14502e6a36e16838cd5633c1525dff915f9d4ee86b7a73ef30d72327451699bd2eabe59cbf362b2185d11eff10026cd9094655ef7ed8
  languageName: node
  linkType: hard

"node-fetch@npm:^2.6.1":
  version: 2.6.7
  resolution: "node-fetch@npm:2.6.7"
  dependencies:
    whatwg-url: ^5.0.0
  peerDependencies:
    encoding: ^0.1.0
  peerDependenciesMeta:
    encoding:
      optional: true
  checksum: 8d816ffd1ee22cab8301c7756ef04f3437f18dace86a1dae22cf81db8ef29c0bf6655f3215cb0cdb22b420b6fe141e64b26905e7f33f9377a7fa59135ea3e10b
  languageName: node
  linkType: hard

"node-readfiles@npm:^0.2.0":
  version: 0.2.0
  resolution: "node-readfiles@npm:0.2.0"
  dependencies:
    es6-promise: ^3.2.1
  checksum: 1993bf6bff633e321ea7a8a9cd4b5d5338c2ce28b0d8fa585b68b482086b6e27e0421ff7fa4d3269bbbe2058ac230777ab708886adc48621169f699f5276772a
  languageName: node
  linkType: hard

"oas-kit-common@npm:^1.0.8":
  version: 1.0.8
  resolution: "oas-kit-common@npm:1.0.8"
  dependencies:
    fast-safe-stringify: ^2.0.7
  checksum: 576ab5f7c7fde551a9c780fde9392cb9dec5159b62c3ad4499e334bffdb12e089e97dccf2a9d0d1ac5be208f9d6f0e72da5ac3744d878134ef0177eed135cc52
  languageName: node
  linkType: hard

"oas-linter@npm:^3.2.2":
  version: 3.2.2
  resolution: "oas-linter@npm:3.2.2"
  dependencies:
    "@exodus/schemasafe": ^1.0.0-rc.2
    should: ^13.2.1
    yaml: ^1.10.0
  checksum: 24affafc6ac424a0771e5d8ebabc37bde6b020641407b785e82d01254289b34467b76e77be1dedc949e3af5a3b00f419c0395abdb7f469b3008b2686febf6960
  languageName: node
  linkType: hard

"oas-resolver@npm:^2.5.6":
  version: 2.5.6
  resolution: "oas-resolver@npm:2.5.6"
  dependencies:
    node-fetch-h2: ^2.3.0
    oas-kit-common: ^1.0.8
    reftools: ^1.1.9
    yaml: ^1.10.0
    yargs: ^17.0.1
  bin:
    resolve: resolve.js
  checksum: 0654e30c0898fd2d160b5911528df302c517cbf9ffeada2e086f28d3b780df0b96aae51527b83085f292009e64154b52e5f71f221c2e7c4f354aa201bd710a48
  languageName: node
  linkType: hard

"oas-schema-walker@npm:^1.1.5":
  version: 1.1.5
  resolution: "oas-schema-walker@npm:1.1.5"
  checksum: 27bdeda1ebcf557b90cfb5d2ac3ca8e851f601d96215747c19ce0ae8f8458ad8012701b615fe313eacf4665b733f46ec12870f72d453251217b8a3ceb2be9abf
  languageName: node
  linkType: hard

"oas-validator@npm:^5.0.8":
  version: 5.0.8
  resolution: "oas-validator@npm:5.0.8"
  dependencies:
    call-me-maybe: ^1.0.1
    oas-kit-common: ^1.0.8
    oas-linter: ^3.2.2
    oas-resolver: ^2.5.6
    oas-schema-walker: ^1.1.5
    reftools: ^1.1.9
    should: ^13.2.1
    yaml: ^1.10.0
  checksum: 9f4c27022f961ca60472a9094803f347e986f7fb9f0dd12e14bafe5dcfdb677f7108a90dc01934af167e7cf27d78ac06b9cb63ecdd9cb5d8f532a0cf83242df9
  languageName: node
  linkType: hard

"oazapfts@npm:^3.5.0":
  version: 3.5.0
  resolution: "oazapfts@npm:3.5.0"
  dependencies:
    "@apidevtools/swagger-parser": ^10.0.1
    lodash: ^4.17.20
    minimist: ^1.2.5
    swagger2openapi: ^7.0.7
    typescript: ^4.1.2
  bin:
    oazapfts: lib/codegen/cli.js
  checksum: 5ffc99c88afc300313c77c683953c8da56a5d190fe01c3d5128c6c1df4dd14eb27852344b880a4d91de811911826a31c58f9ac8dc060bef8fe05277a066035b5
  languageName: node
  linkType: hard

"prettier@npm:^2.2.1, prettier@npm:^2.6.0":
  version: 2.6.0
  resolution: "prettier@npm:2.6.0"
  bin:
    prettier: bin-prettier.js
  checksum: 3e527ad62279676778a8404d18174d7ca2365ada4caba6eebbcdd9907d1187afd3bc6ade5b4e5f5d4549bb9fb71e45ca8930d71500017635524f8fc05bc52e93
  languageName: node
  linkType: hard

"react-is@npm:^16.7.0":
  version: 16.13.1
  resolution: "react-is@npm:16.13.1"
  checksum: f7a19ac3496de32ca9ae12aa030f00f14a3d45374f1ceca0af707c831b2a6098ef0d6bdae51bd437b0a306d7f01d4677fcc8de7c0d331eb47ad0f46130e53c5f
  languageName: node
  linkType: hard

"redux-thunk@npm:^2.4.1":
  version: 2.4.1
  resolution: "redux-thunk@npm:2.4.1"
  peerDependencies:
    redux: ^4
  checksum: af5abb425fb9dccda02e5f387d6f3003997f62d906542a3d35fc9420088f550dc1a018bdc246c7d23ee852b4d4ab8b5c64c5be426e45a328d791c4586a3c6b6e
  languageName: node
  linkType: hard

"redux@npm:^4.0.0, redux@npm:^4.1.2":
  version: 4.1.2
  resolution: "redux@npm:4.1.2"
  dependencies:
    "@babel/runtime": ^7.9.2
  checksum: 6a839cee5bd580c5298d968e9e2302150e961318253819bcd97f9d945a5a409559eacddf6026f4118bb68b681c593d90e8a2c5bbf278f014aff9bf0d2d8fa084
  languageName: node
  linkType: hard

"reftools@npm:^1.1.9":
  version: 1.1.9
  resolution: "reftools@npm:1.1.9"
  checksum: 3b096e6a75ca3003f0642f69784d4eaad0caad75f0ae3b99f04f6b49380f34dbdeb21d8bf97f184d6ca5aef570bbeb1ef10ee2144494a50fc056c6b2e1422043
  languageName: node
  linkType: hard

"regenerator-runtime@npm:^0.13.4":
  version: 0.13.9
  resolution: "regenerator-runtime@npm:0.13.9"
  checksum: 65ed455fe5afd799e2897baf691ca21c2772e1a969d19bb0c4695757c2d96249eb74ee3553ea34a91062b2a676beedf630b4c1551cc6299afb937be1426ec55e
  languageName: node
  linkType: hard

"require-directory@npm:^2.1.1":
  version: 2.1.1
  resolution: "require-directory@npm:2.1.1"
  checksum: fb47e70bf0001fdeabdc0429d431863e9475e7e43ea5f94ad86503d918423c1543361cc5166d713eaa7029dd7a3d34775af04764bebff99ef413111a5af18c80
  languageName: node
  linkType: hard

"reselect@npm:^4.1.5":
  version: 4.1.5
  resolution: "reselect@npm:4.1.5"
  checksum: 54c13c1e795b2ea70cba8384138aebe78adda00cbea303cc94b64da0a70d74c896cc9a03115ae38b8bff990e7a60dcd6452ab68cbec01b0b38c1afda70714cf0
  languageName: node
  linkType: hard

"semver@npm:^7.3.5":
  version: 7.3.5
  resolution: "semver@npm:7.3.5"
  dependencies:
    lru-cache: ^6.0.0
  bin:
    semver: bin/semver.js
  checksum: 5eafe6102bea2a7439897c1856362e31cc348ccf96efd455c8b5bc2c61e6f7e7b8250dc26b8828c1d76a56f818a7ee907a36ae9fb37a599d3d24609207001d60
  languageName: node
  linkType: hard

"should-equal@npm:^2.0.0":
  version: 2.0.0
  resolution: "should-equal@npm:2.0.0"
  dependencies:
    should-type: ^1.4.0
  checksum: 3f3580a223bf76f9309a4d957d2dcbd6059bda816f2e6656e822b7518218ef653c25e9271b2f5765ca6f5a72a217105ad343a8ceea831d15aff44dd691cc1dcd
  languageName: node
  linkType: hard

"should-format@npm:^3.0.3":
  version: 3.0.3
  resolution: "should-format@npm:3.0.3"
  dependencies:
    should-type: ^1.3.0
    should-type-adaptors: ^1.0.1
  checksum: 5304e89b4d4c42078c7f66232d13cca1d6a1c00c173f500f64160f57d4ecd7522a25106b313fe8f8694547e8a1ce4d975f1f09a3d1618f1dc054db48c0683d87
  languageName: node
  linkType: hard

"should-type-adaptors@npm:^1.0.1":
  version: 1.1.0
  resolution: "should-type-adaptors@npm:1.1.0"
  dependencies:
    should-type: ^1.3.0
    should-util: ^1.0.0
  checksum: 94dd1d225c8f2590278f46689258a1df684ca1f26262459c4e2d64a09d06935ec1410a24fe7b5f98b9429093e48afef2ed1b370634e0444b930547df4943f70d
  languageName: node
  linkType: hard

"should-type@npm:^1.3.0, should-type@npm:^1.4.0":
  version: 1.4.0
  resolution: "should-type@npm:1.4.0"
  checksum: 88d9324c6c0c2f94e71d2f8b11c84e44de81f16eeb6fafcba47f4af430c65e46bad18eb472827526cad22b4fe693aba8b022739d1c453672faf28860df223491
  languageName: node
  linkType: hard

"should-util@npm:^1.0.0":
  version: 1.0.1
  resolution: "should-util@npm:1.0.1"
  checksum: c3be15e0fdc851f8338676b3f8b590d330bbea94ec41c1343cc9983dea295915073f69a215795454b6adda6579ec8927c7c0ab178b83f9f11a0247ccdba53381
  languageName: node
  linkType: hard

"should@npm:^13.2.1":
  version: 13.2.3
  resolution: "should@npm:13.2.3"
  dependencies:
    should-equal: ^2.0.0
    should-format: ^3.0.3
    should-type: ^1.4.0
    should-type-adaptors: ^1.0.1
    should-util: ^1.0.0
  checksum: 74bcc0eb85e0a63a88e501ff9ca3b53dbc6d1ee47823c029a18a4b14b3ef4e2561733e161033df720599d2153283470e9647fdcb1bbc78903960ffb0363239c4
  languageName: node
  linkType: hard

"source-map-support@npm:0.5.19":
  version: 0.5.19
  resolution: "source-map-support@npm:0.5.19"
  dependencies:
    buffer-from: ^1.0.0
    source-map: ^0.6.0
  checksum: c72802fdba9cb62b92baef18cc14cc4047608b77f0353e6c36dd993444149a466a2845332c5540d4a6630957254f0f68f4ef5a0120c33d2e83974c51a05afbac
  languageName: node
  linkType: hard

"source-map@npm:^0.6.0":
  version: 0.6.1
  resolution: "source-map@npm:0.6.1"
  checksum: 59ce8640cf3f3124f64ac289012c2b8bd377c238e316fb323ea22fbfe83da07d81e000071d7242cad7a23cd91c7de98e4df8830ec3f133cb6133a5f6e9f67bc2
  languageName: node
  linkType: hard

"string-width@npm:^4.1.0, string-width@npm:^4.2.0, string-width@npm:^4.2.3":
  version: 4.2.3
  resolution: "string-width@npm:4.2.3"
  dependencies:
    emoji-regex: ^8.0.0
    is-fullwidth-code-point: ^3.0.0
    strip-ansi: ^6.0.1
  checksum: e52c10dc3fbfcd6c3a15f159f54a90024241d0f149cf8aed2982a2d801d2e64df0bf1dc351cf8e95c3319323f9f220c16e740b06faecd53e2462df1d2b5443fb
  languageName: node
  linkType: hard

"strip-ansi@npm:^6.0.0, strip-ansi@npm:^6.0.1":
  version: 6.0.1
  resolution: "strip-ansi@npm:6.0.1"
  dependencies:
    ansi-regex: ^5.0.1
  checksum: f3cd25890aef3ba6e1a74e20896c21a46f482e93df4a06567cebf2b57edabb15133f1f94e57434e0a958d61186087b1008e89c94875d019910a213181a14fc8c
  languageName: node
  linkType: hard

"swagger2openapi@npm:^7.0.4, swagger2openapi@npm:^7.0.7":
  version: 7.0.8
  resolution: "swagger2openapi@npm:7.0.8"
  dependencies:
    call-me-maybe: ^1.0.1
    node-fetch: ^2.6.1
    node-fetch-h2: ^2.3.0
    node-readfiles: ^0.2.0
    oas-kit-common: ^1.0.8
    oas-resolver: ^2.5.6
    oas-schema-walker: ^1.1.5
    oas-validator: ^5.0.8
    reftools: ^1.1.9
    yaml: ^1.10.0
    yargs: ^17.0.1
  bin:
    boast: boast.js
    oas-validate: oas-validate.js
    swagger2openapi: swagger2openapi.js
  checksum: dd0ee3b9dc3517639215471ec5bb013fcf2aa65dbee9089ec2ec4d911981ae381c63261a0a2f4e90cda668da27db6d2f5fdb89b0775cd1463a3a7f98d319c7ac
  languageName: node
  linkType: hard

"tr46@npm:~0.0.3":
  version: 0.0.3
  resolution: "tr46@npm:0.0.3"
  checksum: 726321c5eaf41b5002e17ffbd1fb7245999a073e8979085dacd47c4b4e8068ff5777142fc6726d6ca1fd2ff16921b48788b87225cbc57c72636f6efa8efbffe3
  languageName: node
  linkType: hard

"ts-node@npm:^10.7.0":
  version: 10.7.0
  resolution: "ts-node@npm:10.7.0"
  dependencies:
    "@cspotcode/source-map-support": 0.7.0
    "@tsconfig/node10": ^1.0.7
    "@tsconfig/node12": ^1.0.7
    "@tsconfig/node14": ^1.0.0
    "@tsconfig/node16": ^1.0.2
    acorn: ^8.4.1
    acorn-walk: ^8.1.1
    arg: ^4.1.0
    create-require: ^1.1.0
    diff: ^4.0.1
    make-error: ^1.1.1
    v8-compile-cache-lib: ^3.0.0
    yn: 3.1.1
  peerDependencies:
    "@swc/core": ">=1.2.50"
    "@swc/wasm": ">=1.2.50"
    "@types/node": "*"
    typescript: ">=2.7"
  peerDependenciesMeta:
    "@swc/core":
      optional: true
    "@swc/wasm":
      optional: true
  bin:
    ts-node: dist/bin.js
    ts-node-cwd: dist/bin-cwd.js
    ts-node-esm: dist/bin-esm.js
    ts-node-script: dist/bin-script.js
    ts-node-transpile-only: dist/bin-transpile.js
    ts-script: dist/bin-script-deprecated.js
  checksum: 2a379e43f7478d0b79e1e63af91fe222d83857727957df4bd3bdf3c0a884de5097b12feb9bbf530074526b8874c0338b0e6328cf334f3a5e2c49c71e837273f7
  languageName: node
  linkType: hard

"tslib@npm:2.3.1":
  version: 2.3.1
  resolution: "tslib@npm:2.3.1"
  checksum: de17a98d4614481f7fcb5cd53ffc1aaf8654313be0291e1bfaee4b4bb31a20494b7d218ff2e15017883e8ea9626599b3b0e0229c18383ba9dce89da2adf15cb9
  languageName: node
  linkType: hard

"typescript@npm:>=4.1 <=4.5":
  version: 4.5.5
  resolution: "typescript@npm:4.5.5"
  bin:
    tsc: bin/tsc
    tsserver: bin/tsserver
  checksum: 506f4c919dc8aeaafa92068c997f1d213b9df4d9756d0fae1a1e7ab66b585ab3498050e236113a1c9e57ee08c21ec6814ca7a7f61378c058d79af50a4b1f5a5e
  languageName: node
  linkType: hard

"typescript@npm:^4.1.2, typescript@npm:^4.6.2":
  version: 4.6.2
  resolution: "typescript@npm:4.6.2"
  bin:
    tsc: bin/tsc
    tsserver: bin/tsserver
  checksum: 8a44ed7e6f6c4cb1ebe8cf236ecda2fb119d84dcf0fbd77e707b2dfea1bbcfc4e366493a143513ce7f57203c75da9d4e20af6fe46de89749366351046be7577c
  languageName: node
  linkType: hard

"typescript@patch:typescript@>=4.1 <=4.5#~builtin<compat/typescript>":
  version: 4.5.5
  resolution: "typescript@patch:typescript@npm%3A4.5.5#~builtin<compat/typescript>::version=4.5.5&hash=ddd1e8"
  bin:
    tsc: bin/tsc
    tsserver: bin/tsserver
  checksum: 9cdde4aae20b2904431f3f2ca8acaf3b0cc52faddf68aa88b288c9d0520221817da43783a756fce7ab9360033ada0371c3ff93dfc4bdb4b13f6e9bac64e1658d
  languageName: node
  linkType: hard

"typescript@patch:typescript@^4.1.2#~builtin<compat/typescript>, typescript@patch:typescript@^4.6.2#~builtin<compat/typescript>":
  version: 4.6.2
  resolution: "typescript@patch:typescript@npm%3A4.6.2#~builtin<compat/typescript>::version=4.6.2&hash=ddd1e8"
  bin:
    tsc: bin/tsc
    tsserver: bin/tsserver
  checksum: efb83260a22ee49d4c8bdc59b3cefe54fdf51d6f563f5c3a35aa3d5e46fb12f3f1d33a36d6f9f64171e567ead1847e99cb612d0a9a74e7d44e16cad9d0bbc937
  languageName: node
  linkType: hard

"v8-compile-cache-lib@npm:^3.0.0":
  version: 3.0.0
  resolution: "v8-compile-cache-lib@npm:3.0.0"
  checksum: 674e312bbca796584b61dc915f33c7e7dc4e06d196e0048cb772c8964493a1ec723f1dd014d9419fd55c24a6eae148f60769da23f622e05cd13268063fa1ed6b
  languageName: node
  linkType: hard

"validator@npm:^13.7.0":
  version: 13.7.0
  resolution: "validator@npm:13.7.0"
  checksum: 2b83283de1222ca549a7ef57f46e8d49c6669213348db78b7045bce36a3b5843ff1e9f709ebf74574e06223461ee1f264f8cc9a26a0060a79a27de079d8286ef
  languageName: node
  linkType: hard

"webidl-conversions@npm:^3.0.0":
  version: 3.0.1
  resolution: "webidl-conversions@npm:3.0.1"
  checksum: c92a0a6ab95314bde9c32e1d0a6dfac83b578f8fa5f21e675bc2706ed6981bc26b7eb7e6a1fab158e5ce4adf9caa4a0aee49a52505d4d13c7be545f15021b17c
  languageName: node
  linkType: hard

"whatwg-url@npm:^5.0.0":
  version: 5.0.0
  resolution: "whatwg-url@npm:5.0.0"
  dependencies:
    tr46: ~0.0.3
    webidl-conversions: ^3.0.0
  checksum: b8daed4ad3356cc4899048a15b2c143a9aed0dfae1f611ebd55073310c7b910f522ad75d727346ad64203d7e6c79ef25eafd465f4d12775ca44b90fa82ed9e2c
  languageName: node
  linkType: hard

"wrap-ansi@npm:^7.0.0":
  version: 7.0.0
  resolution: "wrap-ansi@npm:7.0.0"
  dependencies:
    ansi-styles: ^4.0.0
    string-width: ^4.1.0
    strip-ansi: ^6.0.0
  checksum: a790b846fd4505de962ba728a21aaeda189b8ee1c7568ca5e817d85930e06ef8d1689d49dbf0e881e8ef84436af3a88bc49115c2e2788d841ff1b8b5b51a608b
  languageName: node
  linkType: hard

"y18n@npm:^5.0.5":
  version: 5.0.8
  resolution: "y18n@npm:5.0.8"
  checksum: 54f0fb95621ee60898a38c572c515659e51cc9d9f787fb109cef6fde4befbe1c4602dc999d30110feee37456ad0f1660fa2edcfde6a9a740f86a290999550d30
  languageName: node
  linkType: hard

"yallist@npm:^4.0.0":
  version: 4.0.0
  resolution: "yallist@npm:4.0.0"
  checksum: 343617202af32df2a15a3be36a5a8c0c8545208f3d3dfbc6bb7c3e3b7e8c6f8e7485432e4f3b88da3031a6e20afa7c711eded32ddfb122896ac5d914e75848d5
  languageName: node
  linkType: hard

"yaml@npm:^1.10.0":
  version: 1.10.2
  resolution: "yaml@npm:1.10.2"
  checksum: ce4ada136e8a78a0b08dc10b4b900936912d15de59905b2bf415b4d33c63df1d555d23acb2a41b23cf9fb5da41c256441afca3d6509de7247daa062fd2c5ea5f
  languageName: node
  linkType: hard

"yargs-parser@npm:^21.0.0":
  version: 21.0.1
  resolution: "yargs-parser@npm:21.0.1"
  checksum: c3ea2ed12cad0377ce3096b3f138df8267edf7b1aa7d710cd502fe16af417bafe4443dd71b28158c22fcd1be5dfd0e86319597e47badf42ff83815485887323a
  languageName: node
  linkType: hard

"yargs@npm:^17.0.1":
  version: 17.3.1
  resolution: "yargs@npm:17.3.1"
  dependencies:
    cliui: ^7.0.2
    escalade: ^3.1.1
    get-caller-file: ^2.0.5
    require-directory: ^2.1.1
    string-width: ^4.2.3
    y18n: ^5.0.5
    yargs-parser: ^21.0.0
  checksum: 64fc2e32c56739f1d14d2d24acd17a6944c3c8e3e3558f09fc1953ac112e868cc16013d282886b9d5be22187f8b9ed4f60741a6b1011f595ce2718805a656852
  languageName: node
  linkType: hard

"yn@npm:3.1.1":
  version: 3.1.1
  resolution: "yn@npm:3.1.1"
  checksum: 2c487b0e149e746ef48cda9f8bad10fc83693cd69d7f9dcd8be4214e985de33a29c9e24f3c0d6bcf2288427040a8947406ab27f7af67ee9456e6b84854f02dd6
  languageName: node
  linkType: hard

"z-schema@npm:^5.0.1":
  version: 5.0.2
  resolution: "z-schema@npm:5.0.2"
  dependencies:
    commander: ^2.7.1
    lodash.get: ^4.4.2
    lodash.isequal: ^4.5.0
    validator: ^13.7.0
  dependenciesMeta:
    commander:
      optional: true
  bin:
    z-schema: bin/z-schema
  checksum: 084b2f16043ac0a892914ee29cc0b4fafd9338133eec0345cd6ced25e814f647fa67be1090ad5f606759c2c1f2f8c28127960ba187f437f1caf6fb8cd45d7336
  languageName: node
  linkType: hard
